<?xml version="1.0" encoding="utf-8"?>
<Project ToolsVersion="4.0" xmlns="http://schemas.microsoft.com/developer/msbuild/2003">
  <ItemGroup>
    <Filter Include="win32">
      <UniqueIdentifier>{7665eecf-9cb5-407e-b921-5a1651c6aa42}</UniqueIdentifier>
    </Filter>
    <Filter Include="resource">
      <UniqueIdentifier>{079df24b-fc8d-4060-b2b1-a31287b417dc}</UniqueIdentifier>
    </Filter>
    <Filter Include="Core">
      <UniqueIdentifier>{ee1abe04-2b89-4967-9b23-3a7f9c51fd05}</UniqueIdentifier>
    </Filter>
  </ItemGroup>
  <ItemGroup>
    <ResourceCompile Include="..\proj.win32\game.rc">
      <Filter>resource</Filter>
    </ResourceCompile>
  </ItemGroup>
  <ItemGroup>
    <ClCompile Include="..\proj.win32\main.cpp">
      <Filter>win32</Filter>
    </ClCompile>
    <ClCompile Include="Core\AppDelegate.cpp">
      <Filter>Core</Filter>
    </ClCompile>
    <ClCompile Include="Core\GameLevel.cpp">
      <Filter>Core</Filter>
    </ClCompile>
    <ClCompile Include="Core\GameMainMenu.cpp">
      <Filter>Core</Filter>
    </ClCompile>
    <ClCompile Include="Core\Pawn.cpp">
      <Filter>Core</Filter>
    </ClCompile>
    <ClCompile Include="Core\SpriteComponent.cpp">
      <Filter>Core</Filter>
    </ClCompile>
    <ClCompile Include="Core\InputComponent.cpp">
      <Filter>Core</Filter>
    </ClCompile>
    <ClCompile Include="Core\Bullet.cpp">
      <Filter>Core</Filter>
    </ClCompile>
    <ClCompile Include="Core\CCServerGame.cpp">
      <Filter>Core</Filter>
    </ClCompile>
    <ClCompile Include="Core\CCClientGame.cpp">
      <Filter>Core</Filter>
    </ClCompile>
    <ClCompile Include="Core\CCGame.cpp">
      <Filter>Core</Filter>
    </ClCompile>
  </ItemGroup>
  <ItemGroup>
    <ClInclude Include="..\proj.win32\main.h">
      <Filter>win32</Filter>
    </ClInclude>
    <ClInclude Include="Core\AppDelegate.h">
      <Filter>Core</Filter>
    </ClInclude>
    <ClInclude Include="Core\GameLevel.h">
      <Filter>Core</Filter>
    </ClInclude>
    <ClInclude Include="Core\GameMainMenu.h">
      <Filter>Core</Filter>
    </ClInclude>
    <ClInclude Include="Core\Pawn.h">
      <Filter>Core</Filter>
    </ClInclude>
    <ClInclude Include="Core\SpriteComponent.h">
      <Filter>Core</Filter>
    </ClInclude>
    <ClInclude Include="Core\InputComponent.h">
      <Filter>Core</Filter>
    </ClInclude>
    <ClInclude Include="Core\Bullet.h">
      <Filter>Core</Filter>
    </ClInclude>
    <ClInclude Include="Core\CCServerGame.h">
      <Filter>Core</Filter>
    </ClInclude>
    <ClInclude Include="Core\CCClientGame.h">
      <Filter>Core</Filter>
    </ClInclude>
    <ClInclude Include="Core\CCGame.h">
      <Filter>Core</Filter>
    </ClInclude>
    <ClInclude Include="Core\Macros.h">
      <Filter>Core</Filter>
    </ClInclude>
  </ItemGroup>
</Project>