<?xml version="1.0" encoding="utf-8"?>
<Project ToolsVersion="4.0" xmlns="http://schemas.microsoft.com/developer/msbuild/2003">
  <ItemGroup>
    <Filter Include="win32">
      <UniqueIdentifier>{7665eecf-9cb5-407e-b921-5a1651c6aa42}</UniqueIdentifier>
    </Filter>
    <Filter Include="resource">
      <UniqueIdentifier>{079df24b-fc8d-4060-b2b1-a31287b417dc}</UniqueIdentifier>
    </Filter>
    <Filter Include="Game">
      <UniqueIdentifier>{ee1abe04-2b89-4967-9b23-3a7f9c51fd05}</UniqueIdentifier>
    </Filter>
  </ItemGroup>
  <ItemGroup>
    <ResourceCompile Include="..\proj.win32\game.rc">
      <Filter>resource</Filter>
    </ResourceCompile>
  </ItemGroup>
  <ItemGroup>
    <ClCompile Include="..\proj.win32\main.cpp">
      <Filter>win32</Filter>
    </ClCompile>
    <ClCompile Include="Game\AppDelegate.cpp">
      <Filter>Game</Filter>
    </ClCompile>
    <ClCompile Include="Game\ClientGame.cpp">
      <Filter>Game</Filter>
    </ClCompile>
    <ClCompile Include="Game\GameLevel.cpp">
      <Filter>Game</Filter>
    </ClCompile>
    <ClCompile Include="Game\GameMainMenu.cpp">
      <Filter>Game</Filter>
    </ClCompile>
    <ClCompile Include="Game\Join.cpp">
      <Filter>Game</Filter>
    </ClCompile>
    <ClCompile Include="Game\Pawn.cpp">
      <Filter>Game</Filter>
    </ClCompile>
    <ClCompile Include="Game\PlayerInfo.cpp">
      <Filter>Game</Filter>
    </ClCompile>
    <ClCompile Include="Game\ServerGame.cpp">
      <Filter>Game</Filter>
    </ClCompile>
    <ClCompile Include="Game\SpriteComponent.cpp">
      <Filter>Game</Filter>
    </ClCompile>
  </ItemGroup>
  <ItemGroup>
    <ClInclude Include="..\proj.win32\main.h">
      <Filter>win32</Filter>
    </ClInclude>
    <ClInclude Include="Game\AppDelegate.h">
      <Filter>Game</Filter>
    </ClInclude>
    <ClInclude Include="Game\ClientGame.h">
      <Filter>Game</Filter>
    </ClInclude>
    <ClInclude Include="Game\GameLevel.h">
      <Filter>Game</Filter>
    </ClInclude>
    <ClInclude Include="Game\GameMainMenu.h">
      <Filter>Game</Filter>
    </ClInclude>
    <ClInclude Include="Game\Join.h">
      <Filter>Game</Filter>
    </ClInclude>
    <ClInclude Include="Game\Pawn.h">
      <Filter>Game</Filter>
    </ClInclude>
    <ClInclude Include="Game\PlayerInfo.h">
      <Filter>Game</Filter>
    </ClInclude>
    <ClInclude Include="Game\ServerGame.h">
      <Filter>Game</Filter>
    </ClInclude>
    <ClInclude Include="Game\SpriteComponent.h">
      <Filter>Game</Filter>
    </ClInclude>
  </ItemGroup>
</Project>