<?xml version="1.0" encoding="utf-8"?>
<Project ToolsVersion="4.0" xmlns="http://schemas.microsoft.com/developer/msbuild/2003">
  <ItemGroup>
    <Filter Include="Resource Files">
      <UniqueIdentifier>{67DA6AB6-F800-4c08-8B7A-83BB121AAD01}</UniqueIdentifier>
      <Extensions>rc;ico;cur;bmp;dlg;rc2;rct;bin;rgs;gif;jpg;jpeg;jpe;resx;tiff;tif;png;wav;mfcribbon-ms</Extensions>
    </Filter>
    <Filter Include="Network">
      <UniqueIdentifier>{4bd0ad4e-5d30-496e-86e7-a9154c287ee1}</UniqueIdentifier>
    </Filter>
    <Filter Include="Network\Messages">
      <UniqueIdentifier>{37ee6b17-e943-40ea-8d31-2208a4cd25b3}</UniqueIdentifier>
    </Filter>
    <Filter Include="Core">
      <UniqueIdentifier>{56a48767-9d24-4ad5-a36e-3d8337239bb8}</UniqueIdentifier>
    </Filter>
  </ItemGroup>
  <ItemGroup>
    <ClCompile Include="Network\ConstructorDatabase.cpp">
      <Filter>Network</Filter>
    </ClCompile>
    <ClCompile Include="Network\InternetAddress.cpp">
      <Filter>Network</Filter>
    </ClCompile>
    <ClCompile Include="Network\NetworkGameObject.cpp">
      <Filter>Network</Filter>
    </ClCompile>
    <ClCompile Include="Network\NetworkManager.cpp">
      <Filter>Network</Filter>
    </ClCompile>
    <ClCompile Include="Network\NetworkObject.cpp">
      <Filter>Network</Filter>
    </ClCompile>
    <ClCompile Include="Network\NetworkObjectConstructor.cpp">
      <Filter>Network</Filter>
    </ClCompile>
    <ClCompile Include="Network\UDPGameSocket.cpp">
      <Filter>Network</Filter>
    </ClCompile>
    <ClCompile Include="Network\GameSocket.cpp">
      <Filter>Network</Filter>
    </ClCompile>
    <ClCompile Include="Network\NetworkGame.cpp">
      <Filter>Network</Filter>
    </ClCompile>
    <ClCompile Include="Network\ClientGame.cpp">
      <Filter>Network</Filter>
    </ClCompile>
    <ClCompile Include="Network\ServerGame.cpp">
      <Filter>Network</Filter>
    </ClCompile>
    <ClCompile Include="Network\Messages\Message.cpp">
      <Filter>Network\Messages</Filter>
    </ClCompile>
    <ClCompile Include="Network\Messages\MessageDatabase.cpp">
      <Filter>Network\Messages</Filter>
    </ClCompile>
    <ClCompile Include="Network\Messages\JoinMessage.cpp">
      <Filter>Network\Messages</Filter>
    </ClCompile>
    <ClCompile Include="Network\Messages\LoadLevelMessage.cpp">
      <Filter>Network\Messages</Filter>
    </ClCompile>
    <ClCompile Include="Network\NetworkComponent.cpp">
      <Filter>Network</Filter>
    </ClCompile>
    <ClCompile Include="Core\Buffer.cpp">
      <Filter>Core</Filter>
    </ClCompile>
    <ClCompile Include="Core\Component.cpp">
      <Filter>Core</Filter>
    </ClCompile>
    <ClCompile Include="Core\Game.cpp">
      <Filter>Core</Filter>
    </ClCompile>
    <ClCompile Include="Core\GameObject.cpp">
      <Filter>Core</Filter>
    </ClCompile>
    <ClCompile Include="Core\Level.cpp">
      <Filter>Core</Filter>
    </ClCompile>
    <ClCompile Include="Core\LevelDatabase.cpp">
      <Filter>Core</Filter>
    </ClCompile>
    <ClCompile Include="Core\ParameterContainer.cpp">
      <Filter>Core</Filter>
    </ClCompile>
    <ClCompile Include="Core\Utilities.cpp">
      <Filter>Core</Filter>
    </ClCompile>
    <ClCompile Include="Network\Messages\ReplicateInstanceMessage.cpp">
      <Filter>Network\Messages</Filter>
    </ClCompile>
    <ClCompile Include="Network\Messages\ReplicateStateMessage.cpp">
      <Filter>Network\Messages</Filter>
    </ClCompile>
    <ClCompile Include="Network\Messages\RemoteMethodCallMessage.cpp">
      <Filter>Network\Messages</Filter>
    </ClCompile>
    <ClCompile Include="Network\ServerNetworkManager.cpp">
      <Filter>Network</Filter>
    </ClCompile>
    <ClCompile Include="Network\ClientNetworkManager.cpp">
      <Filter>Network</Filter>
    </ClCompile>
    <ClCompile Include="Network\NetworkPawn.cpp">
      <Filter>Network</Filter>
    </ClCompile>
    <ClCompile Include="Network\NetworkPawnFactory.cpp">
      <Filter>Network</Filter>
    </ClCompile>
    <ClCompile Include="Core\LevelFactory.cpp">
      <Filter>Core</Filter>
    </ClCompile>
    <ClCompile Include="Network\Messages\RemoveInstanceMessage.cpp">
      <Filter>Network\Messages</Filter>
    </ClCompile>
    <ClCompile Include="Network\Messages\LeaveMessage.cpp">
      <Filter>Network\Messages</Filter>
    </ClCompile>
    <ClCompile Include="Network\Client.cpp">
      <Filter>Network</Filter>
    </ClCompile>
    <ClCompile Include="Core\ReplicablePoint.cpp">
      <Filter>Core</Filter>
    </ClCompile>
  </ItemGroup>
  <ItemGroup>
    <ClInclude Include="Network\ConstructorDatabase.h">
      <Filter>Network</Filter>
    </ClInclude>
    <ClInclude Include="Network\InternetAddress.h">
      <Filter>Network</Filter>
    </ClInclude>
    <ClInclude Include="Network\NetworkGameObject.h">
      <Filter>Network</Filter>
    </ClInclude>
    <ClInclude Include="Network\NetworkManager.h">
      <Filter>Network</Filter>
    </ClInclude>
    <ClInclude Include="Network\NetworkObject.h">
      <Filter>Network</Filter>
    </ClInclude>
    <ClInclude Include="Network\NetworkObjectConstructor.h">
      <Filter>Network</Filter>
    </ClInclude>
    <ClInclude Include="Network\UDPGameSocket.h">
      <Filter>Network</Filter>
    </ClInclude>
    <ClInclude Include="Network\GameSocket.h">
      <Filter>Network</Filter>
    </ClInclude>
    <ClInclude Include="Network\NetworkGame.h">
      <Filter>Network</Filter>
    </ClInclude>
    <ClInclude Include="Network\ClientGame.h">
      <Filter>Network</Filter>
    </ClInclude>
    <ClInclude Include="Network\ServerGame.h">
      <Filter>Network</Filter>
    </ClInclude>
    <ClInclude Include="Network\Messages\Message.h">
      <Filter>Network\Messages</Filter>
    </ClInclude>
    <ClInclude Include="Network\Messages\MessageDatabase.h">
      <Filter>Network\Messages</Filter>
    </ClInclude>
    <ClInclude Include="Network\Messages\JoinMessage.h">
      <Filter>Network\Messages</Filter>
    </ClInclude>
    <ClInclude Include="Network\Messages\LoadLevelMessage.h">
      <Filter>Network\Messages</Filter>
    </ClInclude>
    <ClInclude Include="Network\NetworkComponent.h">
      <Filter>Network</Filter>
    </ClInclude>
    <ClInclude Include="Core\Buffer.h">
      <Filter>Core</Filter>
    </ClInclude>
    <ClInclude Include="Core\Component.h">
      <Filter>Core</Filter>
    </ClInclude>
    <ClInclude Include="Core\Game.h">
      <Filter>Core</Filter>
    </ClInclude>
    <ClInclude Include="Core\GameObject.h">
      <Filter>Core</Filter>
    </ClInclude>
    <ClInclude Include="Core\Level.h">
      <Filter>Core</Filter>
    </ClInclude>
    <ClInclude Include="Core\LevelDatabase.h">
      <Filter>Core</Filter>
    </ClInclude>
    <ClInclude Include="Core\Macros.h">
      <Filter>Core</Filter>
    </ClInclude>
    <ClInclude Include="Core\ParameterContainer.h">
      <Filter>Core</Filter>
    </ClInclude>
    <ClInclude Include="Core\Serializable.h">
      <Filter>Core</Filter>
    </ClInclude>
    <ClInclude Include="Core\Types.h">
      <Filter>Core</Filter>
    </ClInclude>
    <ClInclude Include="Core\Utilities.h">
      <Filter>Core</Filter>
    </ClInclude>
    <ClInclude Include="Network\Messages\ReplicateInstanceMessage.h">
      <Filter>Network\Messages</Filter>
    </ClInclude>
    <ClInclude Include="Network\Messages\ReplicateStateMessage.h">
      <Filter>Network\Messages</Filter>
    </ClInclude>
    <ClInclude Include="Network\Messages\RemoteMethodCallMessage.h">
      <Filter>Network\Messages</Filter>
    </ClInclude>
    <ClInclude Include="Network\ServerNetworkManager.h">
      <Filter>Network</Filter>
    </ClInclude>
    <ClInclude Include="Network\ClientNetworkManager.h">
      <Filter>Network</Filter>
    </ClInclude>
    <ClInclude Include="Network\NetworkPawn.h">
      <Filter>Network</Filter>
    </ClInclude>
    <ClInclude Include="Network\NetworkPawnFactory.h">
      <Filter>Network</Filter>
    </ClInclude>
    <ClInclude Include="Core\FactoryTemplate.h">
      <Filter>Core</Filter>
    </ClInclude>
    <ClInclude Include="Core\LevelFactory.h">
      <Filter>Core</Filter>
    </ClInclude>
    <ClInclude Include="Core\Object.h">
      <Filter>Core</Filter>
    </ClInclude>
    <ClInclude Include="Core\Point.h">
      <Filter>Core</Filter>
    </ClInclude>
    <ClInclude Include="Network\Messages\RemoveInstanceMessage.h">
      <Filter>Network\Messages</Filter>
    </ClInclude>
    <ClInclude Include="Network\Messages\LeaveMessage.h">
      <Filter>Network\Messages</Filter>
    </ClInclude>
    <ClInclude Include="Core\ObjectPoolTemplate.h">
      <Filter>Core</Filter>
    </ClInclude>
    <ClInclude Include="Core\SingletonTemplate.h">
      <Filter>Core</Filter>
    </ClInclude>
    <ClInclude Include="Network\Client.h">
      <Filter>Network</Filter>
    </ClInclude>
    <ClInclude Include="Core\Dirtiable.h">
      <Filter>Core</Filter>
    </ClInclude>
    <ClInclude Include="Core\Replicable.h">
      <Filter>Core</Filter>
    </ClInclude>
    <ClInclude Include="Core\ReplicablePoint.h">
      <Filter>Core</Filter>
    </ClInclude>
    <ClInclude Include="Core\ReplicablePrimitive.h">
      <Filter>Core</Filter>
    </ClInclude>
  </ItemGroup>
</Project>