<?xml version="1.0" encoding="utf-8"?>
<Project ToolsVersion="4.0" xmlns="http://schemas.microsoft.com/developer/msbuild/2003">
  <ItemGroup>
    <Filter Include="Source Files">
      <UniqueIdentifier>{4FC737F1-C7A5-4376-A066-2A32D752A2FF}</UniqueIdentifier>
      <Extensions>cpp;c;cc;cxx;def;odl;idl;hpj;bat;asm;asmx</Extensions>
    </Filter>
    <Filter Include="Header Files">
      <UniqueIdentifier>{93995380-89BD-4b04-88EB-625FBE52EBFB}</UniqueIdentifier>
      <Extensions>h;hh;hpp;hxx;hm;inl;inc;xsd</Extensions>
    </Filter>
    <Filter Include="Resource Files">
      <UniqueIdentifier>{67DA6AB6-F800-4c08-8B7A-83BB121AAD01}</UniqueIdentifier>
      <Extensions>rc;ico;cur;bmp;dlg;rc2;rct;bin;rgs;gif;jpg;jpeg;jpe;resx;tiff;tif;png;wav;mfcribbon-ms</Extensions>
    </Filter>
    <Filter Include="Source Files\Messages">
      <UniqueIdentifier>{d79521ee-5123-46d3-bb1d-8d963447e833}</UniqueIdentifier>
    </Filter>
  </ItemGroup>
  <ItemGroup>
    <ClCompile Include="main.cpp">
      <Filter>Source Files</Filter>
    </ClCompile>
    <ClCompile Include="TestBuffer.cpp">
      <Filter>Source Files</Filter>
    </ClCompile>
    <ClCompile Include="TestParameterContainer.cpp">
      <Filter>Source Files</Filter>
    </ClCompile>
    <ClCompile Include="TestGame.cpp">
      <Filter>Source Files</Filter>
    </ClCompile>
    <ClCompile Include="TestNetworkManager.cpp">
      <Filter>Source Files</Filter>
    </ClCompile>
    <ClCompile Include="MockSocket.cpp">
      <Filter>Source Files</Filter>
    </ClCompile>
    <ClCompile Include="MockSocketDataBase.cpp">
      <Filter>Source Files</Filter>
    </ClCompile>
    <ClCompile Include="MockMessage.cpp">
      <Filter>Source Files</Filter>
    </ClCompile>
    <ClCompile Include="NetworkBase.h">
      <Filter>Header Files</Filter>
    </ClCompile>
    <ClCompile Include="TestJoinMessage.cpp">
      <Filter>Source Files\Messages</Filter>
    </ClCompile>
    <ClCompile Include="TestLoadLevelMessage.cpp">
      <Filter>Source Files\Messages</Filter>
    </ClCompile>
    <ClCompile Include="MockGameObject.cpp">
      <Filter>Source Files</Filter>
    </ClCompile>
    <ClCompile Include="TestReplicateStateMessage.cpp">
      <Filter>Source Files\Messages</Filter>
    </ClCompile>
    <ClCompile Include="MockNetworkGameObject.cpp">
      <Filter>Source Files</Filter>
    </ClCompile>
    <ClCompile Include="TestGameObject.cpp">
      <Filter>Source Files</Filter>
    </ClCompile>
    <ClCompile Include="TestReplicateInstanceMessage.cpp">
      <Filter>Source Files\Messages</Filter>
    </ClCompile>
    <ClCompile Include="TestRemoteMethodCallMessage.cpp">
      <Filter>Source Files\Messages</Filter>
    </ClCompile>
    <ClCompile Include="TestServerGame.cpp">
      <Filter>Source Files</Filter>
    </ClCompile>
    <ClCompile Include="TestClientGame.cpp">
      <Filter>Source Files</Filter>
    </ClCompile>
    <ClCompile Include="TestNetworkComponent.cpp">
      <Filter>Source Files</Filter>
    </ClCompile>
    <ClCompile Include="TestSerializablePoint.cpp">
      <Filter>Source Files</Filter>
    </ClCompile>
    <ClCompile Include="TestNetworkPawn.cpp">
      <Filter>Source Files</Filter>
    </ClCompile>
    <ClCompile Include="TestRemoveInstanceMessage.cpp">
      <Filter>Source Files\Messages</Filter>
    </ClCompile>
    <ClCompile Include="TestNetworkGameObject.cpp">
      <Filter>Source Files</Filter>
    </ClCompile>
  </ItemGroup>
  <ItemGroup>
    <ClInclude Include="MockSocket.h">
      <Filter>Header Files</Filter>
    </ClInclude>
    <ClInclude Include="MockSocketDataBase.h">
      <Filter>Header Files</Filter>
    </ClInclude>
    <ClInclude Include="MockMessage.h">
      <Filter>Header Files</Filter>
    </ClInclude>
    <ClInclude Include="MockGameObject.h">
      <Filter>Header Files</Filter>
    </ClInclude>
    <ClInclude Include="MockNetworkGameObject.h">
      <Filter>Header Files</Filter>
    </ClInclude>
    <ClInclude Include="MockNetworkGameObjectWithMethod.h">
      <Filter>Header Files</Filter>
    </ClInclude>
    <ClInclude Include="MockNetworkGameObjectWithState.h">
      <Filter>Header Files</Filter>
    </ClInclude>
    <ClInclude Include="MockLevel.h">
      <Filter>Header Files</Filter>
    </ClInclude>
  </ItemGroup>
</Project>