<?xml version="1.0" encoding="utf-8"?>
<Project ToolsVersion="4.0" xmlns="http://schemas.microsoft.com/developer/msbuild/2003">
  <ItemGroup>
    <Filter Include="win32">
      <UniqueIdentifier>{84a8ebd7-7cf0-47f6-b75e-d441df67da40}</UniqueIdentifier>
    </Filter>
    <Filter Include="resource">
      <UniqueIdentifier>{715254bc-d70b-4ec5-bf29-467dd3ace079}</UniqueIdentifier>
    </Filter>
    <Filter Include="src">
      <UniqueIdentifier>{bb6c862e-70e9-49d9-81b7-3829a6f50471}</UniqueIdentifier>
    </Filter>
    <Filter Include="src\Network">
      <UniqueIdentifier>{06883b50-5df4-4e4d-9581-5d06f8357cbd}</UniqueIdentifier>
    </Filter>
    <Filter Include="src\Game">
      <UniqueIdentifier>{e332337f-d921-4552-9798-b31bb21998c4}</UniqueIdentifier>
    </Filter>
    <Filter Include="src\Engine">
      <UniqueIdentifier>{736b6367-3eae-4224-8c1f-f2a9104b1a68}</UniqueIdentifier>
    </Filter>
    <Filter Include="src\Network\Messages">
      <UniqueIdentifier>{076bb751-6127-416c-a0dd-9e5e3ea46e39}</UniqueIdentifier>
    </Filter>
  </ItemGroup>
  <ItemGroup>
    <ClCompile Include="main.cpp">
      <Filter>win32</Filter>
    </ClCompile>
    <ClCompile Include="..\Classes\Network\GameSocket.cpp">
      <Filter>src\Network</Filter>
    </ClCompile>
    <ClCompile Include="..\Classes\Network\InternetAddress.cpp">
      <Filter>src\Network</Filter>
    </ClCompile>
    <ClCompile Include="..\Classes\Network\MessageDatabase.cpp">
      <Filter>src\Network</Filter>
    </ClCompile>
    <ClCompile Include="..\Classes\Network\NetworkManager.cpp">
      <Filter>src\Network</Filter>
    </ClCompile>
    <ClCompile Include="..\Classes\Game\AppDelegate.cpp">
      <Filter>src\Game</Filter>
    </ClCompile>
    <ClCompile Include="..\Classes\Game\ClientGame.cpp">
      <Filter>src\Game</Filter>
    </ClCompile>
    <ClCompile Include="..\Classes\Game\GameMainMenu.cpp">
      <Filter>src\Game</Filter>
    </ClCompile>
    <ClCompile Include="..\Classes\Game\Join.cpp">
      <Filter>src\Game</Filter>
    </ClCompile>
    <ClCompile Include="..\Classes\Game\ServerGame.cpp">
      <Filter>src\Game</Filter>
    </ClCompile>
    <ClCompile Include="..\Classes\Game\PlayerInfo.cpp">
      <Filter>src\Game</Filter>
    </ClCompile>
    <ClCompile Include="..\Classes\Engine\GameObject.cpp">
      <Filter>src\Engine</Filter>
    </ClCompile>
    <ClCompile Include="..\Classes\Engine\Component.cpp">
      <Filter>src\Engine</Filter>
    </ClCompile>
    <ClCompile Include="..\Classes\Engine\Level.cpp">
      <Filter>src\Engine</Filter>
    </ClCompile>
    <ClCompile Include="..\Classes\Game\GameLevel.cpp">
      <Filter>src\Game</Filter>
    </ClCompile>
    <ClCompile Include="..\Classes\Engine\SpriteComponent.cpp">
      <Filter>src\Engine</Filter>
    </ClCompile>
    <ClCompile Include="..\Classes\Engine\Game.cpp">
      <Filter>src\Engine</Filter>
    </ClCompile>
    <ClCompile Include="..\Classes\Engine\GlobalData.cpp">
      <Filter>src\Engine</Filter>
    </ClCompile>
    <ClCompile Include="..\Classes\Network\Message.cpp">
      <Filter>src\Network\Messages</Filter>
    </ClCompile>
    <ClCompile Include="..\Classes\Network\Command.cpp">
      <Filter>src\Network\Messages</Filter>
    </ClCompile>
    <ClCompile Include="..\Classes\Network\LoadLevel.cpp">
      <Filter>src\Network\Messages</Filter>
    </ClCompile>
    <ClCompile Include="..\Classes\Game\Pawn.cpp">
      <Filter>src\Game</Filter>
    </ClCompile>
    <ClCompile Include="..\Classes\Engine\NetworkComponent.cpp">
      <Filter>src\Engine</Filter>
    </ClCompile>
    <ClCompile Include="..\Classes\Network\NetworkObject.cpp">
      <Filter>src\Network</Filter>
    </ClCompile>
    <ClCompile Include="..\Classes\Network\ConstructorDatabase.cpp">
      <Filter>src\Network</Filter>
    </ClCompile>
    <ClCompile Include="..\Classes\Network\NetworkObjectConstructor.cpp">
      <Filter>src\Network</Filter>
    </ClCompile>
    <ClCompile Include="..\Classes\Engine\Utilities.cpp">
      <Filter>src\Engine</Filter>
    </ClCompile>
    <ClCompile Include="..\Classes\Network\ReplicateInstance.cpp">
      <Filter>src\Network\Messages</Filter>
    </ClCompile>
    <ClCompile Include="..\Classes\Network\NetworkGameObject.cpp">
      <Filter>src\Network</Filter>
    </ClCompile>
    <ClCompile Include="..\Classes\Network\ParameterContainer.cpp">
      <Filter>src\Network</Filter>
    </ClCompile>
    <ClCompile Include="..\Classes\Engine\Buffer.cpp">
      <Filter>src\Engine</Filter>
    </ClCompile>
  </ItemGroup>
  <ItemGroup>
    <ClInclude Include="main.h">
      <Filter>win32</Filter>
    </ClInclude>
    <ClInclude Include="..\Classes\Network\GameSocket.h">
      <Filter>src\Network</Filter>
    </ClInclude>
    <ClInclude Include="..\Classes\Network\InternetAddress.h">
      <Filter>src\Network</Filter>
    </ClInclude>
    <ClInclude Include="..\Classes\Network\MessageDatabase.h">
      <Filter>src\Network</Filter>
    </ClInclude>
    <ClInclude Include="..\Classes\Network\NetworkManager.h">
      <Filter>src\Network</Filter>
    </ClInclude>
    <ClInclude Include="..\Classes\Game\AppDelegate.h">
      <Filter>src\Game</Filter>
    </ClInclude>
    <ClInclude Include="..\Classes\Game\ClientGame.h">
      <Filter>src\Game</Filter>
    </ClInclude>
    <ClInclude Include="..\Classes\Game\GameMainMenu.h">
      <Filter>src\Game</Filter>
    </ClInclude>
    <ClInclude Include="..\Classes\Game\Join.h">
      <Filter>src\Game</Filter>
    </ClInclude>
    <ClInclude Include="..\Classes\Game\ServerGame.h">
      <Filter>src\Game</Filter>
    </ClInclude>
    <ClInclude Include="..\Classes\Game\PlayerInfo.h">
      <Filter>src\Game</Filter>
    </ClInclude>
    <ClInclude Include="..\Classes\Engine\GameObject.h">
      <Filter>src\Engine</Filter>
    </ClInclude>
    <ClInclude Include="..\Classes\Engine\Component.h">
      <Filter>src\Engine</Filter>
    </ClInclude>
    <ClInclude Include="..\Classes\Engine\Level.h">
      <Filter>src\Engine</Filter>
    </ClInclude>
    <ClInclude Include="..\Classes\Game\GameLevel.h">
      <Filter>src\Game</Filter>
    </ClInclude>
    <ClInclude Include="..\Classes\Engine\SpriteComponent.h">
      <Filter>src\Engine</Filter>
    </ClInclude>
    <ClInclude Include="..\Classes\Engine\Game.h">
      <Filter>src\Engine</Filter>
    </ClInclude>
    <ClInclude Include="..\Classes\Engine\GlobalData.h">
      <Filter>src\Engine</Filter>
    </ClInclude>
    <ClInclude Include="..\Classes\Network\Message.h">
      <Filter>src\Network\Messages</Filter>
    </ClInclude>
    <ClInclude Include="..\Classes\Network\Command.h">
      <Filter>src\Network\Messages</Filter>
    </ClInclude>
    <ClInclude Include="..\Classes\Network\LoadLevel.h">
      <Filter>src\Network\Messages</Filter>
    </ClInclude>
    <ClInclude Include="..\Classes\Game\Pawn.h">
      <Filter>src\Game</Filter>
    </ClInclude>
    <ClInclude Include="..\Classes\Engine\NetworkComponent.h">
      <Filter>src\Engine</Filter>
    </ClInclude>
    <ClInclude Include="..\Classes\Network\NetworkObject.h">
      <Filter>src\Network</Filter>
    </ClInclude>
    <ClInclude Include="..\Classes\Network\ConstructorDatabase.h">
      <Filter>src\Network</Filter>
    </ClInclude>
    <ClInclude Include="..\Classes\Engine\Types.h">
      <Filter>src\Engine</Filter>
    </ClInclude>
    <ClInclude Include="..\Classes\Engine\Macros.h">
      <Filter>src\Engine</Filter>
    </ClInclude>
    <ClInclude Include="..\Classes\Network\NetworkObjectConstructor.h">
      <Filter>src\Network</Filter>
    </ClInclude>
    <ClInclude Include="..\Classes\Engine\Utilities.h">
      <Filter>src\Engine</Filter>
    </ClInclude>
    <ClInclude Include="..\Classes\Network\ReplicateInstance.h">
      <Filter>src\Network\Messages</Filter>
    </ClInclude>
    <ClInclude Include="..\Classes\Network\NetworkGameObject.h">
      <Filter>src\Network</Filter>
    </ClInclude>
    <ClInclude Include="..\Classes\Network\ParameterContainer.h">
      <Filter>src\Network</Filter>
    </ClInclude>
    <ClInclude Include="..\Classes\Engine\Serializable.h">
      <Filter>src\Engine</Filter>
    </ClInclude>
    <ClInclude Include="..\Classes\Engine\Buffer.h">
      <Filter>src\Engine</Filter>
    </ClInclude>
    <ClInclude Include="..\Classes\Engine\SerializablePrimitive.h">
      <Filter>src\Engine</Filter>
    </ClInclude>
  </ItemGroup>
  <ItemGroup>
    <ResourceCompile Include="game.rc">
      <Filter>resource</Filter>
    </ResourceCompile>
  </ItemGroup>
</Project>